# This file is automatically @generated by Poetry 1.5.1 and should not be changed by hand.

[[package]]
name = "genicam"
version = "1.3.0"
description = "The official Python Binding for the GenICam GenApi & the GenTL Producers"
optional = false
python-versions = "*"
files = [
    {file = "genicam-1.3.0-cp310-cp310-macosx_12_0_x86_64.whl", hash = "sha256:1348b05c6de6ea6aa851f28eed0bd1c55d45d05f94ba72d0e8cbf1f2190f47b5"},
    {file = "genicam-1.3.0-cp310-cp310-manylinux2014_aarch64.whl", hash = "sha256:42d2cde27425aed4b90970b587dabdd297b1f48d783114633a91bb5eaa3d5b0f"},
    {file = "genicam-1.3.0-cp310-cp310-manylinux2014_x86_64.whl", hash = "sha256:1bed8815f8b6c868b2b0a5d71cf20759af292ed5a3751fd7b85fe7c9f16a58bf"},
    {file = "genicam-1.3.0-cp310-cp310-win_amd64.whl", hash = "sha256:f4a8eaa25240a0e367ee0c70af0969aa1cc3f7c0b9cd6c2c72b734e1a4bf352e"},
    {file = "genicam-1.3.0-cp311-cp311-macosx_12_0_x86_64.whl", hash = "sha256:0012475278e3d31ccbe57e6491d2022f86ac4e968d12bca8c030195374884fe5"},
    {file = "genicam-1.3.0-cp311-cp311-manylinux2014_aarch64.whl", hash = "sha256:d0cd46d4381daf12d882f5c5292826d09d2ea0aa1768cabf2e638e77ef92c63e"},
    {file = "genicam-1.3.0-cp311-cp311-manylinux2014_x86_64.whl", hash = "sha256:2453dfcd078980343cafa9fee0c46cef580c1b27fc38695ddf4db8ee554b3826"},
    {file = "genicam-1.3.0-cp311-cp311-win_amd64.whl", hash = "sha256:42b686a412245aaefc89632b8f5fa1ec45deb510cc1e56c9c027036fd9269438"},
    {file = "genicam-1.3.0-cp37-cp37m-macosx_12_0_x86_64.whl", hash = "sha256:50d9e2d9d2cc7f8ad57b8529d3e60ac51f7f36baae7e5d1e813027b00b9cb5c0"},
    {file = "genicam-1.3.0-cp37-cp37m-manylinux2014_aarch64.whl", hash = "sha256:978059d4fbae43bdb82e2bde693b6df8b4ceec7701a758f49cff25253adda421"},
    {file = "genicam-1.3.0-cp37-cp37m-manylinux2014_x86_64.whl", hash = "sha256:1e60043146682e33e27d97e07a16656ba273ef9dae1b7ed2907f78524694406d"},
    {file = "genicam-1.3.0-cp37-cp37m-win_amd64.whl", hash = "sha256:13ef090326abf42db8542e754ccc612a280f21de31281142d514a0c9797f9ec8"},
    {file = "genicam-1.3.0-cp38-cp38-macosx_12_0_x86_64.whl", hash = "sha256:c2fb2dc1747584ad8814f937ef051f5423c1a54085cb930e885015f30fe711d1"},
    {file = "genicam-1.3.0-cp38-cp38-manylinux2014_aarch64.whl", hash = "sha256:1e562a5785002f77a0de2fef877a4d366d715ed877124eeefedaa3bb871ea0ad"},
    {file = "genicam-1.3.0-cp38-cp38-manylinux2014_x86_64.whl", hash = "sha256:06756640aba53f37778e764ce68c0ffff1942d1af2ca3b3be69756cc48d50f54"},
    {file = "genicam-1.3.0-cp38-cp38-win_amd64.whl", hash = "sha256:67e6dc4bfb668ddc211722f3c0609d8dbf5c88ad5fdeff711b25ad1c235fb60e"},
    {file = "genicam-1.3.0-cp39-cp39-macosx_12_0_x86_64.whl", hash = "sha256:aef2fafe4666578d6f7f79b346e93ee826764381550ede7deb746a9c912f8884"},
    {file = "genicam-1.3.0-cp39-cp39-manylinux2014_aarch64.whl", hash = "sha256:742baa40fba2e08c44775344e0605dbd86f98b619e56b2443da61616a39e2eee"},
    {file = "genicam-1.3.0-cp39-cp39-manylinux2014_x86_64.whl", hash = "sha256:4d19c57086b00998e1906a55d9c2329a4f14fafcddcbc70c95eac7944b010592"},
    {file = "genicam-1.3.0-cp39-cp39-win_amd64.whl", hash = "sha256:139641c3fe4c058f3377808e884b66353563272198d9444df83179aa924ce509"},
]

[[package]]
name = "harvesters"
version = "1.4.2"
description = "Image Acquisition Library for GenICam-based Machine Vision System"
optional = false
python-versions = "*"
files = [
    {file = "harvesters-1.4.2-py3-none-any.whl", hash = "sha256:3309b5f7f8f81e8d3cbf3b8f2e9c1b8a8ff4fe7032fb828fdd1294a024f01adc"},
    {file = "harvesters-1.4.2.tar.gz", hash = "sha256:55ac5e597cef9087e636524567707e940841d6b392ca9d14cd21444c2125a2a8"},
]

[package.dependencies]
genicam = ">=1.2"
numpy = "*"

[[package]]
name = "numpy"
version = "1.21.6"
description = "NumPy is the fundamental package for array computing with Python."
optional = false
python-versions = ">=3.7,<3.11"
files = [
    {file = "numpy-1.21.6-cp310-cp310-macosx_10_9_universal2.whl", hash = "sha256:8737609c3bbdd48e380d463134a35ffad3b22dc56295eff6f79fd85bd0eeeb25"},
    {file = "numpy-1.21.6-cp310-cp310-macosx_10_9_x86_64.whl", hash = "sha256:fdffbfb6832cd0b300995a2b08b8f6fa9f6e856d562800fea9182316d99c4e8e"},
    {file = "numpy-1.21.6-cp310-cp310-macosx_11_0_arm64.whl", hash = "sha256:3820724272f9913b597ccd13a467cc492a0da6b05df26ea09e78b171a0bb9da6"},
    {file = "numpy-1.21.6-cp310-cp310-manylinux_2_17_aarch64.manylinux2014_aarch64.whl", hash = "sha256:f17e562de9edf691a42ddb1eb4a5541c20dd3f9e65b09ded2beb0799c0cf29bb"},
    {file = "numpy-1.21.6-cp310-cp310-manylinux_2_17_x86_64.manylinux2014_x86_64.whl", hash = "sha256:5f30427731561ce75d7048ac254dbe47a2ba576229250fb60f0fb74db96501a1"},
    {file = "numpy-1.21.6-cp310-cp310-win32.whl", hash = "sha256:d4bf4d43077db55589ffc9009c0ba0a94fa4908b9586d6ccce2e0b164c86303c"},
    {file = "numpy-1.21.6-cp310-cp310-win_amd64.whl", hash = "sha256:d136337ae3cc69aa5e447e78d8e1514be8c3ec9b54264e680cf0b4bd9011574f"},
    {file = "numpy-1.21.6-cp37-cp37m-macosx_10_9_x86_64.whl", hash = "sha256:6aaf96c7f8cebc220cdfc03f1d5a31952f027dda050e5a703a0d1c396075e3e7"},
    {file = "numpy-1.21.6-cp37-cp37m-manylinux_2_12_i686.manylinux2010_i686.whl", hash = "sha256:67c261d6c0a9981820c3a149d255a76918278a6b03b6a036800359aba1256d46"},
    {file = "numpy-1.21.6-cp37-cp37m-manylinux_2_12_x86_64.manylinux2010_x86_64.whl", hash = "sha256:a6be4cb0ef3b8c9250c19cc122267263093eee7edd4e3fa75395dfda8c17a8e2"},
    {file = "numpy-1.21.6-cp37-cp37m-manylinux_2_17_aarch64.manylinux2014_aarch64.whl", hash = "sha256:7c4068a8c44014b2d55f3c3f574c376b2494ca9cc73d2f1bd692382b6dffe3db"},
    {file = "numpy-1.21.6-cp37-cp37m-win32.whl", hash = "sha256:7c7e5fa88d9ff656e067876e4736379cc962d185d5cd808014a8a928d529ef4e"},
    {file = "numpy-1.21.6-cp37-cp37m-win_amd64.whl", hash = "sha256:bcb238c9c96c00d3085b264e5c1a1207672577b93fa666c3b14a45240b14123a"},
    {file = "numpy-1.21.6-cp38-cp38-macosx_10_9_universal2.whl", hash = "sha256:82691fda7c3f77c90e62da69ae60b5ac08e87e775b09813559f8901a88266552"},
    {file = "numpy-1.21.6-cp38-cp38-macosx_10_9_x86_64.whl", hash = "sha256:643843bcc1c50526b3a71cd2ee561cf0d8773f062c8cbaf9ffac9fdf573f83ab"},
    {file = "numpy-1.21.6-cp38-cp38-macosx_11_0_arm64.whl", hash = "sha256:357768c2e4451ac241465157a3e929b265dfac85d9214074985b1786244f2ef3"},
    {file = "numpy-1.21.6-cp38-cp38-manylinux_2_12_i686.manylinux2010_i686.whl", hash = "sha256:9f411b2c3f3d76bba0865b35a425157c5dcf54937f82bbeb3d3c180789dd66a6"},
    {file = "numpy-1.21.6-cp38-cp38-manylinux_2_12_x86_64.manylinux2010_x86_64.whl", hash = "sha256:4aa48afdce4660b0076a00d80afa54e8a97cd49f457d68a4342d188a09451c1a"},
    {file = "numpy-1.21.6-cp38-cp38-manylinux_2_17_aarch64.manylinux2014_aarch64.whl", hash = "sha256:d6a96eef20f639e6a97d23e57dd0c1b1069a7b4fd7027482a4c5c451cd7732f4"},
    {file = "numpy-1.21.6-cp38-cp38-win32.whl", hash = "sha256:5c3c8def4230e1b959671eb959083661b4a0d2e9af93ee339c7dada6759a9470"},
    {file = "numpy-1.21.6-cp38-cp38-win_amd64.whl", hash = "sha256:bf2ec4b75d0e9356edea834d1de42b31fe11f726a81dfb2c2112bc1eaa508fcf"},
    {file = "numpy-1.21.6-cp39-cp39-macosx_10_9_universal2.whl", hash = "sha256:4391bd07606be175aafd267ef9bea87cf1b8210c787666ce82073b05f202add1"},
    {file = "numpy-1.21.6-cp39-cp39-macosx_10_9_x86_64.whl", hash = "sha256:67f21981ba2f9d7ba9ade60c9e8cbaa8cf8e9ae51673934480e45cf55e953673"},
    {file = "numpy-1.21.6-cp39-cp39-macosx_11_0_arm64.whl", hash = "sha256:ee5ec40fdd06d62fe5d4084bef4fd50fd4bb6bfd2bf519365f569dc470163ab0"},
    {file = "numpy-1.21.6-cp39-cp39-manylinux_2_12_i686.manylinux2010_i686.whl", hash = "sha256:1dbe1c91269f880e364526649a52eff93ac30035507ae980d2fed33aaee633ac"},
    {file = "numpy-1.21.6-cp39-cp39-manylinux_2_12_x86_64.manylinux2010_x86_64.whl", hash = "sha256:d9caa9d5e682102453d96a0ee10c7241b72859b01a941a397fd965f23b3e016b"},
    {file = "numpy-1.21.6-cp39-cp39-manylinux_2_17_aarch64.manylinux2014_aarch64.whl", hash = "sha256:58459d3bad03343ac4b1b42ed14d571b8743dc80ccbf27444f266729df1d6f5b"},
    {file = "numpy-1.21.6-cp39-cp39-win32.whl", hash = "sha256:7f5ae4f304257569ef3b948810816bc87c9146e8c446053539947eedeaa32786"},
    {file = "numpy-1.21.6-cp39-cp39-win_amd64.whl", hash = "sha256:e31f0bb5928b793169b87e3d1e070f2342b22d5245c755e2b81caa29756246c3"},
    {file = "numpy-1.21.6-pp37-pypy37_pp73-manylinux_2_12_x86_64.manylinux2010_x86_64.whl", hash = "sha256:dd1c8f6bd65d07d3810b90d02eba7997e32abbdf1277a481d698969e921a3be0"},
    {file = "numpy-1.21.6.zip", hash = "sha256:ecb55251139706669fdec2ff073c98ef8e9a84473e51e716211b41aa0f18e656"},
]

[[package]]
name = "opencv-python"
version = "4.9.0.80"
description = "Wrapper package for OpenCV python bindings."
optional = false
python-versions = ">=3.6"
files = [
    {file = "opencv-python-4.9.0.80.tar.gz", hash = "sha256:1a9f0e6267de3a1a1db0c54213d022c7c8b5b9ca4b580e80bdc58516c922c9e1"},
    {file = "opencv_python-4.9.0.80-cp37-abi3-macosx_10_16_x86_64.whl", hash = "sha256:7e5f7aa4486651a6ebfa8ed4b594b65bd2d2f41beeb4241a3e4b1b85acbbbadb"},
    {file = "opencv_python-4.9.0.80-cp37-abi3-macosx_11_0_arm64.whl", hash = "sha256:71dfb9555ccccdd77305fc3dcca5897fbf0cf28b297c51ee55e079c065d812a3"},
    {file = "opencv_python-4.9.0.80-cp37-abi3-manylinux_2_17_aarch64.manylinux2014_aarch64.whl", hash = "sha256:7b34a52e9da36dda8c151c6394aed602e4b17fa041df0b9f5b93ae10b0fcca2a"},
    {file = "opencv_python-4.9.0.80-cp37-abi3-manylinux_2_17_x86_64.manylinux2014_x86_64.whl", hash = "sha256:e4088cab82b66a3b37ffc452976b14a3c599269c247895ae9ceb4066d8188a57"},
    {file = "opencv_python-4.9.0.80-cp37-abi3-win32.whl", hash = "sha256:dcf000c36dd1651118a2462257e3a9e76db789a78432e1f303c7bac54f63ef6c"},
    {file = "opencv_python-4.9.0.80-cp37-abi3-win_amd64.whl", hash = "sha256:3f16f08e02b2a2da44259c7cc712e779eff1dd8b55fdb0323e8cab09548086c0"},
]

[package.dependencies]
numpy = [
    {version = ">=1.21.0", markers = "python_version <= \"3.9\" and platform_system == \"Darwin\" and platform_machine == \"arm64\""},
    {version = ">=1.19.3", markers = "python_version >= \"3.6\" and platform_system == \"Linux\" and platform_machine == \"aarch64\""},
    {version = ">=1.17.0", markers = "python_version >= \"3.7\""},
]

[metadata]
lock-version = "2.0"
python-versions = "3.7 < 4"
content-hash = "d368e00c225a9910dfe02a715f992bdbb6af6991b2676d775debe31e0650777d"
